
Microsoft Visual Studio Solution File, Format Version 11.00
# Visual Studio 2010
Project("{FAE04EC0-301F-11D3-BF4B-00C04F79EFBC}") = "4_how_to_use_help", "4_how_to_use_help\4_how_to_use_help.csproj", "{61C21FDB-651B-42D9-8EF0-B1755A27714B}"
EndProject
Global
	GlobalSection(SolutionConfigurationPlatforms) = preSolution
		Debug32|Any CPU = Debug32|Any CPU
		Debug64|Any CPU = Debug64|Any CPU
		Release|Any CPU = Release|Any CPU
	EndGlobalSection
	GlobalSection(ProjectConfigurationPlatforms) = postSolution
		{61C21FDB-651B-42D9-8EF0-B1755A27714B}.Debug32|Any CPU.ActiveCfg = Debug32|Any CPU
		{61C21FDB-651B-42D9-8EF0-B1755A27714B}.Debug32|Any CPU.Build.0 = Debug32|Any CPU
		{61C21FDB-651B-42D9-8EF0-B1755A27714B}.Debug64|Any CPU.ActiveCfg = Debug64|Any CPU
		{61C21FDB-651B-42D9-8EF0-B1755A27714B}.Debug64|Any CPU.Build.0 = Debug64|Any CPU
		{61C21FDB-651B-42D9-8EF0-B1755A27714B}.Release|Any CPU.ActiveCfg = Release|Any CPU
		{61C21FDB-651B-42D9-8EF0-B1755A27714B}.Release|Any CPU.Build.0 = Release|Any CPU
	EndGlobalSection
	GlobalSection(SolutionProperties) = preSolution
		HideSolutionNode = FALSE
	EndGlobalSection
EndGlobal
